// !$*UTF8*$!
{
	archiveVersion = 1;
	classes = {
	};
	objectVersion = 46;
	objects = {

/* Begin PBXBuildFile section */
		999C3E571CEB38E300171089 /* main.m in Sources */ = {isa = PBXBuildFile; fileRef = 999C3E561CEB38E300171089 /* main.m */; };
		999C3E5A1CEB38E300171089 /* AppDelegate.m in Sources */ = {isa = PBXBuildFile; fileRef = 999C3E591CEB38E300171089 /* AppDelegate.m */; };
		999C3E5D1CEB38E300171089 /* ViewController.m in Sources */ = {isa = PBXBuildFile; fileRef = 999C3E5C1CEB38E300171089 /* ViewController.m */; };
		999C3E601CEB38E300171089 /* Main.storyboard in Resources */ = {isa = PBXBuildFile; fileRef = 999C3E5E1CEB38E300171089 /* Main.storyboard */; };
		999C3E631CEB38E300171089 /* TestApplication.xcdatamodeld in Sources */ = {isa = PBXBuildFile; fileRef = 999C3E611CEB38E300171089 /* TestApplication.xcdatamodeld */; };
		999C3E651CEB38E300171089 /* Assets.xcassets in Resources */ = {isa = PBXBuildFile; fileRef = 999C3E641CEB38E300171089 /* Assets.xcassets */; };
		999C3E681CEB38E300171089 /* LaunchScreen.storyboard in Resources */ = {isa = PBXBuildFile; fileRef = 999C3E661CEB38E300171089 /* LaunchScreen.storyboard */; };
/* End PBXBuildFile section */

/* Begin PBXFileReference section */
		999C3E521CEB38E300171089 /* TestApplication.app */ = {isa = PBXFileReference; explicitFileType = wrapper.application; includeInIndex = 0; path = TestApplication.app; sourceTree = BUILT_PRODUCTS_DIR; };
		999C3E561CEB38E300171089 /* main.m */ = {isa = PBXFileReference; lastKnownFileType = sourcecode.c.objc; path = main.m; sourceTree = "<group>"; };
		999C3E581CEB38E300171089 /* AppDelegate.h */ = {isa = PBXFileReference; lastKnownFileType = sourcecode.c.h; path = AppDelegate.h; sourceTree = "<group>"; };
		999C3E591CEB38E300171089 /* AppDelegate.m */ = {isa = PBXFileReference; lastKnownFileType = sourcecode.c.objc; path = AppDelegate.m; sourceTree = "<group>"; };
		999C3E5B1CEB38E300171089 /* ViewController.h */ = {isa = PBXFileReference; lastKnownFileType = sourcecode.c.h; path = ViewController.h; sourceTree = "<group>"; };
		999C3E5C1CEB38E300171089 /* ViewController.m */ = {isa = PBXFileReference; lastKnownFileType = sourcecode.c.objc; path = ViewController.m; sourceTree = "<group>"; };
		999C3E5F1CEB38E300171089 /* Base */ = {isa = PBXFileReference; lastKnownFileType = file.storyboard; name = Base; path = Base.lproj/Main.storyboard; sourceTree = "<group>"; };
		999C3E621CEB38E300171089 /* TestApplication.xcdatamodel */ = {isa = PBXFileReference; lastKnownFileType = wrapper.xcdatamodel; path = TestApplication.xcdatamodel; sourceTree = "<group>"; };
		999C3E641CEB38E300171089 /* Assets.xcassets */ = {isa = PBXFileReference; lastKnownFileType = folder.assetcatalog; path = Assets.xcassets; sourceTree = "<group>"; };
		999C3E671CEB38E300171089 /* Base */ = {isa = PBXFileReference; lastKnownFileType = file.storyboard; name = Base; path = Base.lproj/LaunchScreen.storyboard; sourceTree = "<group>"; };
		999C3E691CEB38E300171089 /* Info.plist */ = {isa = PBXFileReference; lastKnownFileType = text.plist.xml; path = Info.plist; sourceTree = "<group>"; };
/* End PBXFileReference section */

/* Begin PBXFrameworksBuildPhase section */
		999C3E4F1CEB38E300171089 /* Frameworks */ = {
			isa = PBXFrameworksBuildPhase;
			buildActionMask = 2147483647;
			files = (
			);
			runOnlyForDeploymentPostprocessing = 0;
		};
/* End PBXFrameworksBuildPhase section */

/* Begin PBXGroup section */
		999C3E491CEB38E300171089 = {
			isa = PBXGroup;
			children = (
				999C3E541CEB38E300171089 /* TestApplication */,
				999C3E531CEB38E300171089 /* Products */,
			);
			sourceTree = "<group>";
		};
		999C3E531CEB38E300171089 /* Products */ = {
			isa = PBXGroup;
			children = (
				999C3E521CEB38E300171089 /* TestApplication.app */,
			);
			name = Products;
			sourceTree = "<group>";
		};
		999C3E541CEB38E300171089 /* TestApplication */ = {
			isa = PBXGroup;
			children = (
				999C3E581CEB38E300171089 /* AppDelegate.h */,
				999C3E591CEB38E300171089 /* AppDelegate.m */,
				999C3E5B1CEB38E300171089 /* ViewController.h */,
				999C3E5C1CEB38E300171089 /* ViewController.m */,
				999C3E5E1CEB38E300171089 /* Main.storyboard */,
				999C3E641CEB38E300171089 /* Assets.xcassets */,
				999C3E661CEB38E300171089 /* LaunchScreen.storyboard */,
				999C3E691CEB38E300171089 /* Info.plist */,
				999C3E611CEB38E300171089 /* TestApplication.xcdatamodeld */,
				999C3E551CEB38E300171089 /* Supporting Files */,
			);
			path = TestApplication;
			sourceTree = "<group>";
		};
		999C3E551CEB38E300171089 /* Supporting Files */ = {
			isa = PBXGroup;
			children = (
				999C3E561CEB38E300171089 /* main.m */,
			);
			name = "Supporting Files";
			sourceTree = "<group>";
		};
/* End PBXGroup section */

/* Begin PBXNativeTarget section */
		999C3E511CEB38E300171089 /* TestApplication */ = {
			isa = PBXNativeTarget;
			buildConfigurationList = 999C3E6C1CEB38E300171089 /* Build configuration list for PBXNativeTarget "TestApplication" */;
			buildPhases = (
				999C3E4E1CEB38E300171089 /* Sources */,
				999C3E4F1CEB38E300171089 /* Frameworks */,
				999C3E501CEB38E300171089 /* Resources */,
			);
			buildRules = (
			);
			dependencies = (
			);
			name = TestApplication;
			productName = TestApplication;
			productReference = 999C3E521CEB38E300171089 /* TestApplication.app */;
			productType = "com.apple.product-type.application";
		};
/* End PBXNativeTarget section */

/* Begin PBXProject section */
		999C3E4A1CEB38E300171089 /* Project object */ = {
			isa = PBXProject;
			attributes = {
				LastUpgradeCheck = 0730;
				ORGANIZATIONNAME = NRokudaime;
				TargetAttributes = {
					999C3E511CEB38E300171089 = {
						CreatedOnToolsVersion = 7.3.1;
						DevelopmentTeam = 7AYMXZ4HL4;
					};
				};
			};
			buildConfigurationList = 999C3E4D1CEB38E300171089 /* Build configuration list for PBXProject "TestApplication" */;
			compatibilityVersion = "Xcode 3.2";
			developmentRegion = English;
			hasScannedForEncodings = 0;
			knownRegions = (
				en,
				Base,
			);
			mainGroup = 999C3E491CEB38E300171089;
			productRefGroup = 999C3E531CEB38E300171089 /* Products */;
			projectDirPath = "";
			projectRoot = "";
			targets = (
				999C3E511CEB38E300171089 /* TestApplication */,
			);
		};
/* End PBXProject section */

/* Begin PBXResourcesBuildPhase section */
		999C3E501CEB38E300171089 /* Resources */ = {
			isa = PBXResourcesBuildPhase;
			buildActionMask = 2147483647;
			files = (
				999C3E681CEB38E300171089 /* LaunchScreen.storyboard in Resources */,
				999C3E651CEB38E300171089 /* Assets.xcassets in Resources */,
				999C3E601CEB38E300171089 /* Main.storyboard in Resources */,
			);
			runOnlyForDeploymentPostprocessing = 0;
		};
/* End PBXResourcesBuildPhase section */

/* Begin PBXSourcesBuildPhase section */
		999C3E4E1CEB38E300171089 /* Sources */ = {
			isa = PBXSourcesBuildPhase;
			buildActionMask = 2147483647;
			files = (
				999C3E631CEB38E300171089 /* TestApplication.xcdatamodeld in Sources */,
				999C3E5D1CEB38E300171089 /* ViewController.m in Sources */,
				999C3E5A1CEB38E300171089 /* AppDelegate.m in Sources */,
				999C3E571CEB38E300171089 /* main.m in Sources */,
			);
			runOnlyForDeploymentPostprocessing = 0;
		};
/* End PBXSourcesBuildPhase section */

/* Begin PBXVariantGroup section */
		999C3E5E1CEB38E300171089 /* Main.storyboard */ = {
			isa = PBXVariantGroup;
			children = (
				999C3E5F1CEB38E300171089 /* Base */,
			);
			name = Main.storyboard;
			sourceTree = "<group>";
		};
		999C3E661CEB38E300171089 /* LaunchScreen.storyboard */ = {
			isa = PBXVariantGroup;
			children = (
				999C3E671CEB38E300171089 /* Base */,
			);
			name = LaunchScreen.storyboard;
			sourceTree = "<group>";
		};
/* End PBXVariantGroup section */

/* Begin XCBuildConfiguration section */
		999C3E6A1CEB38E300171089 /* Debug */ = {
			isa = XCBuildConfiguration;
			buildSettings = {
				ALWAYS_SEARCH_USER_PATHS = NO;
				CLANG_ANALYZER_NONNULL = YES;
				CLANG_CXX_LANGUAGE_STANDARD = "gnu++0x";
				CLANG_CXX_LIBRARY = "libc++";
				CLANG_ENABLE_MODULES = YES;
				CLANG_ENABLE_OBJC_ARC = YES;
				CLANG_WARN_BOOL_CONVERSION = YES;
				CLANG_WARN_CONSTANT_CONVERSION = YES;
				CLANG_WARN_DIRECT_OBJC_ISA_USAGE = YES_ERROR;
				CLANG_WARN_EMPTY_BODY = YES;
				CLANG_WARN_ENUM_CONVERSION = YES;
				CLANG_WARN_INT_CONVERSION = YES;
				CLANG_WARN_OBJC_ROOT_CLASS = YES_ERROR;
				CLANG_WARN_UNREACHABLE_CODE = YES;
				CLANG_WARN__DUPLICATE_METHOD_MATCH = YES;
				"CODE_SIGN_IDENTITY[sdk=iphoneos*]" = "iPhone Developer";
				COPY_PHASE_STRIP = NO;
				DEBUG_INFORMATION_FORMAT = dwarf;
				ENABLE_STRICT_OBJC_MSGSEND = YES;
				ENABLE_TESTABILITY = YES;
				GCC_C_LANGUAGE_STANDARD = gnu99;
				GCC_DYNAMIC_NO_PIC = NO;
				GCC_NO_COMMON_BLOCKS = YES;
				GCC_OPTIMIZATION_LEVEL = 0;
				GCC_PREPROCESSOR_DEFINITIONS = (
					"DEBUG=1",
					"$(inherited)",
				);
				GCC_WARN_64_TO_32_BIT_CONVERSION = YES;
				GCC_WARN_ABOUT_RETURN_TYPE = YES_ERROR;
				GCC_WARN_UNDECLARED_SELECTOR = YES;
				GCC_WARN_UNINITIALIZED_AUTOS = YES_AGGRESSIVE;
				GCC_WARN_UNUSED_FUNCTION = YES;
				GCC_WARN_UNUSED_VARIABLE = YES;
				IPHONEOS_DEPLOYMENT_TARGET = 9.3;
				MTL_ENABLE_DEBUG_INFO = YES;
				ONLY_ACTIVE_ARCH = YES;
				SDKROOT = iphoneos;
			};
			name = Debug;
		};
		999C3E6B1CEB38E300171089 /* Release */ = {
			isa = XCBuildConfiguration;
			buildSettings = {
				ALWAYS_SEARCH_USER_PATHS = NO;
				CLANG_ANALYZER_NONNULL = YES;
				CLANG_CXX_LANGUAGE_STANDARD = "gnu++0x";
				CLANG_CXX_LIBRARY = "libc++";
				CLANG_ENABLE_MODULES = YES;
				CLANG_ENABLE_OBJC_ARC = YES;
				CLANG_WARN_BOOL_CONVERSION = YES;
				CLANG_WARN_CONSTANT_CONVERSION = YES;
				CLANG_WARN_DIRECT_OBJC_ISA_USAGE = YES_ERROR;
				CLANG_WARN_EMPTY_BODY = YES;
				CLANG_WARN_ENUM_CONVERSION = YES;
				CLANG_WARN_INT_CONVERSION = YES;
				CLANG_WARN_OBJC_ROOT_CLASS = YES_ERROR;
				CLANG_WARN_UNREACHABLE_CODE = YES;
				CLANG_WARN__DUPLICATE_METHOD_MATCH = YES;
				"CODE_SIGN_IDENTITY[sdk=iphoneos*]" = "iPhone Developer";
				COPY_PHASE_STRIP = NO;
				DEBUG_INFORMATION_FORMAT = "dwarf-with-dsym";
				ENABLE_NS_ASSERTIONS = NO;
				ENABLE_STRICT_OBJC_MSGSEND = YES;
				GCC_C_LANGUAGE_STANDARD = gnu99;
				GCC_NO_COMMON_BLOCKS = YES;
				GCC_WARN_64_TO_32_BIT_CONVERSION = YES;
				GCC_WARN_ABOUT_RETURN_TYPE = YES_ERROR;
				GCC_WARN_UNDECLARED_SELECTOR = YES;
				GCC_WARN_UNINITIALIZED_AUTOS = YES_AGGRESSIVE;
				GCC_WARN_UNUSED_FUNCTION = YES;
				GCC_WARN_UNUSED_VARIABLE = YES;
				IPHONEOS_DEPLOYMENT_TARGET = 9.3;
				MTL_ENABLE_DEBUG_INFO = NO;
				SDKROOT = iphoneos;
				VALIDATE_PRODUCT = YES;
			};
			name = Release;
		};
		999C3E6D1CEB38E300171089 /* Debug */ = {
			isa = XCBuildConfiguration;
			buildSettings = {
				ASSETCATALOG_COMPILER_APPICON_NAME = AppIcon;
				INFOPLIST_FILE = TestApplication/Info.plist;
				LD_RUNPATH_SEARCH_PATHS = "$(inherited) @executable_path/Frameworks";
				PRODUCT_BUNDLE_IDENTIFIER = com.nr.testApplication.TestApplication;
				PRODUCT_NAME = "$(TARGET_NAME)";
			};
			name = Debug;
		};
		999C3E6E1CEB38E300171089 /* Release */ = {
			isa = XCBuildConfiguration;
			buildSettings = {
				ASSETCATALOG_COMPILER_APPICON_NAME = AppIcon;
				INFOPLIST_FILE = TestApplication/Info.plist;
				LD_RUNPATH_SEARCH_PATHS = "$(inherited) @executable_path/Frameworks";
				PRODUCT_BUNDLE_IDENTIFIER = com.nr.testApplication.TestApplication;
				PRODUCT_NAME = "$(TARGET_NAME)";
			};
			name = Release;
		};
/* End XCBuildConfiguration section */

/* Begin XCConfigurationList section */
		999C3E4D1CEB38E300171089 /* Build configuration list for PBXProject "TestApplication" */ = {
			isa = XCConfigurationList;
			buildConfigurations = (
				999C3E6A1CEB38E300171089 /* Debug */,
				999C3E6B1CEB38E300171089 /* Release */,
			);
			defaultConfigurationIsVisible = 0;
			defaultConfigurationName = Release;
		};
		999C3E6C1CEB38E300171089 /* Build configuration list for PBXNativeTarget "TestApplication" */ = {
			isa = XCConfigurationList;
			buildConfigurations = (
				999C3E6D1CEB38E300171089 /* Debug */,
				999C3E6E1CEB38E300171089 /* Release */,
			);
			defaultConfigurationIsVisible = 0;
		};
/* End XCConfigurationList section */

/* Begin XCVersionGroup section */
		999C3E611CEB38E300171089 /* TestApplication.xcdatamodeld */ = {
			isa = XCVersionGroup;
			children = (
				999C3E621CEB38E300171089 /* TestApplication.xcdatamodel */,
			);
			currentVersion = 999C3E621CEB38E300171089 /* TestApplication.xcdatamodel */;
			path = TestApplication.xcdatamodeld;
			sourceTree = "<group>";
			versionGroupType = wrapper.xcdatamodel;
		};
/* End XCVersionGroup section */
	};
	rootObject = 999C3E4A1CEB38E300171089 /* Project object */;
}
